{
  "name": "api-client",
  "version": "1.0.0",
  "lockfileVersion": 1,
  "requires": true,
  "dependencies": {
    "webstorm": {
      "version": "1.0.0",
      "resolved": "https://registry.npmjs.org/webstorm/-/webstorm-1.0.0.tgz",
      "integrity": "sha1-+m1z5ZW8m9VufDdTrmruiv/C5IU="
    }
  }
}
